
Microsoft Visual Studio Solution File, Format Version 12.00
# Visual Studio Version 16
VisualStudioVersion = 16.0.31624.102
MinimumVisualStudioVersion = 10.0.40219.1
Project("{FAE04EC0-301F-11D3-BF4B-00C04F79EFBC}") = "TeaShopManagement", "TeaShopManagement.csproj", "{BFF63FC9-24AC-4475-B660-32406904D661}"
EndProject
Global
	GlobalSection(SolutionConfigurationPlatforms) = preSolution
		Debug|Any CPU = Debug|Any CPU
		Release|Any CPU = Release|Any CPU
	EndGlobalSection
	GlobalSection(ProjectConfigurationPlatforms) = postSolution
		{BFF63FC9-24AC-4475-B660-32406904D661}.Debug|Any CPU.ActiveCfg = Debug|Any CPU
		{BFF63FC9-24AC-4475-B660-32406904D661}.Debug|Any CPU.Build.0 = Debug|Any CPU
		{BFF63FC9-24AC-4475-B660-32406904D661}.Release|Any CPU.ActiveCfg = Release|Any CPU
		{BFF63FC9-24AC-4475-B660-32406904D661}.Release|Any CPU.Build.0 = Release|Any CPU
	EndGlobalSection
	GlobalSection(SolutionProperties) = preSolution
		HideSolutionNode = FALSE
	EndGlobalSection
	GlobalSection(ExtensibilityGlobals) = postSolution
		SolutionGuid = {8265B990-2D69-4CB2-ABE5-0426D396DC32}
	EndGlobalSection
EndGlobal
